<?xml version="1.0" encoding="UTF-8"?><plist><dict><key>archiveVersion</key><string>1</string><key>classes</key><dict/><key>objectVersion</key><string>42</string><key>objects</key><dict><key>000000000000000000000000</key><dict><key>isa</key><string>PBXFileReference</string><key>name</key><string>Delay.c</string><key>path</key><string>../Board/Delay.c</string><key>sourceTree</key><string>SOURCE_ROOT</string></dict><key>000000000000000000000001</key><dict><key>isa</key><string>PBXFileReference</string><key>name</key><string>IoTEVB.c</string><key>path</key><string>../Board/IoTEVB.c</string><key>sourceTree</key><string>SOURCE_ROOT</string></dict><key>000000000000000000000002</key><dict><key>isa</key><string>PBXFileReference</string><key>name</key><string>Random.c</string><key>path</key><string>../Random.c</string><key>sourceTree</key><string>SOURCE_ROOT</string></dict><key>000000000000000000000003</key><dict><key>isa</key><string>PBXFileReference</string><key>name</key><string>W5500HardwareDriver.c</string><key>path</key><string>../Board/W5500HardwareDriver.c</string><key>sourceTree</key><string>SOURCE_ROOT</string></dict><key>000000000000000000000004</key><dict><key>isa</key><string>PBXFileReference</string><key>name</key><string>aes.c</string><key>path</key><string>../mbedtls212/library/aes.c</string><key>sourceTree</key><string>SOURCE_ROOT</string></dict><key>000000000000000000000005</key><dict><key>isa</key><string>PBXFileReference</string><key>name</key><string>aesni.c</string><key>path</key><string>../mbedtls212/library/aesni.c</string><key>sourceTree</key><string>SOURCE_ROOT</string></dict><key>000000000000000000000006</key><dict><key>isa</key><string>PBXFileReference</string><key>name</key><string>arc4.c</string><key>path</key><string>../mbedtls212/library/arc4.c</string><key>sourceTree</key><string>SOURCE_ROOT</string></dict><key>000000000000000000000007</key><dict><key>isa</key><string>PBXFileReference</string><key>name</key><string>asn1parse.c</string><key>path</key><string>../mbedtls212/library/asn1parse.c</string><key>sourceTree</key><string>SOURCE_ROOT</string></dict><key>000000000000000000000008</key><dict><key>isa</key><string>PBXFileReference</string><key>name</key><string>asn1write.c</string><key>path</key><string>../mbedtls212/library/asn1write.c</string><key>sourceTree</key><string>SOURCE_ROOT</string></dict><key>000000000000000000000009</key><dict><key>isa</key><string>PBXFileReference</string><key>name</key><string>base64.c</string><key>path</key><string>../mbedtls212/library/base64.c</string><key>sourceTree</key><string>SOURCE_ROOT</string></dict><key>00000000000000000000000a</key><dict><key>isa</key><string>PBXFileReference</string><key>name</key><string>bignum.c</string><key>path</key><string>../mbedtls212/library/bignum.c</string><key>sourceTree</key><string>SOURCE_ROOT</string></dict><key>00000000000000000000000b</key><dict><key>isa</key><string>PBXFileReference</string><key>name</key><string>blowfish.c</string><key>path</key><string>../mbedtls212/library/blowfish.c</string><key>sourceTree</key><string>SOURCE_ROOT</string></dict><key>00000000000000000000000c</key><dict><key>isa</key><string>PBXFileReference</string><key>name</key><string>camellia.c</string><key>path</key><string>../mbedtls212/library/camellia.c</string><key>sourceTree</key><string>SOURCE_ROOT</string></dict><key>00000000000000000000000d</key><dict><key>isa</key><string>PBXFileReference</string><key>name</key><string>ccm.c</string><key>path</key><string>../mbedtls212/library/ccm.c</string><key>sourceTree</key><string>SOURCE_ROOT</string></dict><key>00000000000000000000000e</key><dict><key>isa</key><string>PBXFileReference</string><key>name</key><string>certs.c</string><key>path</key><string>../mbedtls212/library/certs.c</string><key>sourceTree</key><string>SOURCE_ROOT</string></dict><key>00000000000000000000000f</key><dict><key>isa</key><string>PBXFileReference</string><key>name</key><string>cipher.c</string><key>path</key><string>../mbedtls212/library/cipher.c</string><key>sourceTree</key><string>SOURCE_ROOT</string></dict><key>000000000000000000000010</key><dict><key>isa</key><string>PBXFileReference</string><key>name</key><string>cipher_wrap.c</string><key>path</key><string>../mbedtls212/library/cipher_wrap.c</string><key>sourceTree</key><string>SOURCE_ROOT</string></dict><key>000000000000000000000011</key><dict><key>isa</key><string>PBXFileReference</string><key>name</key><string>ctr_drbg.c</string><key>path</key><string>../mbedtls212/library/ctr_drbg.c</string><key>sourceTree</key><string>SOURCE_ROOT</string></dict><key>000000000000000000000012</key><dict><key>isa</key><string>PBXFileReference</string><key>name</key><string>debug.c</string><key>path</key><string>../mbedtls212/library/debug.c</string><key>sourceTree</key><string>SOURCE_ROOT</string></dict><key>000000000000000000000013</key><dict><key>isa</key><string>PBXFileReference</string><key>name</key><string>des.c</string><key>path</key><string>../mbedtls212/library/des.c</string><key>sourceTree</key><string>SOURCE_ROOT</string></dict><key>000000000000000000000014</key><dict><key>isa</key><string>PBXFileReference</string><key>name</key><string>dhcp.c</string><key>path</key><string>../ioLibrary_Driver/Internet/DHCP/dhcp.c</string><key>sourceTree</key><string>SOURCE_ROOT</string></dict><key>000000000000000000000015</key><dict><key>isa</key><string>PBXFileReference</string><key>name</key><string>dhm.c</string><key>path</key><string>../mbedtls212/library/dhm.c</string><key>sourceTree</key><string>SOURCE_ROOT</string></dict><key>000000000000000000000016</key><dict><key>isa</key><string>PBXFileReference</string><key>name</key><string>dns.c</string><key>path</key><string>../ioLibrary_Driver/Internet/DNS/dns.c</string><key>sourceTree</key><string>SOURCE_ROOT</string></dict><key>000000000000000000000017</key><dict><key>isa</key><string>PBXFileReference</string><key>name</key><string>ecdh.c</string><key>path</key><string>../mbedtls212/library/ecdh.c</string><key>sourceTree</key><string>SOURCE_ROOT</string></dict><key>000000000000000000000018</key><dict><key>isa</key><string>PBXFileReference</string><key>name</key><string>ecdsa.c</string><key>path</key><string>../mbedtls212/library/ecdsa.c</string><key>sourceTree</key><string>SOURCE_ROOT</string></dict><key>000000000000000000000019</key><dict><key>isa</key><string>PBXFileReference</string><key>name</key><string>ecp.c</string><key>path</key><string>../mbedtls212/library/ecp.c</string><key>sourceTree</key><string>SOURCE_ROOT</string></dict><key>00000000000000000000001a</key><dict><key>isa</key><string>PBXFileReference</string><key>name</key><string>ecp_curves.c</string><key>path</key><string>../mbedtls212/library/ecp_curves.c</string><key>sourceTree</key><string>SOURCE_ROOT</string></dict><key>00000000000000000000001b</key><dict><key>isa</key><string>PBXFileReference</string><key>name</key><string>entropy.c</string><key>path</key><string>../mbedtls212/library/entropy.c</string><key>sourceTree</key><string>SOURCE_ROOT</string></dict><key>00000000000000000000001c</key><dict><key>isa</key><string>PBXFileReference</string><key>name</key><string>entropy_poll.c</string><key>path</key><string>../mbedtls212/library/entropy_poll.c</string><key>sourceTree</key><string>SOURCE_ROOT</string></dict><key>00000000000000000000001d</key><dict><key>isa</key><string>PBXFileReference</string><key>name</key><string>error.c</string><key>path</key><string>../mbedtls212/library/error.c</string><key>sourceTree</key><string>SOURCE_ROOT</string></dict><key>00000000000000000000001e</key><dict><key>isa</key><string>PBXFileReference</string><key>name</key><string>ftpc.c</string><key>path</key><string>../ioLibrary_Driver/Internet/FTPClient/ftpc.c</string><key>sourceTree</key><string>SOURCE_ROOT</string></dict><key>00000000000000000000001f</key><dict><key>isa</key><string>PBXFileReference</string><key>name</key><string>ftpd.c</string><key>path</key><string>../ioLibrary_Driver/Internet/FTPServer/ftpd.c</string><key>sourceTree</key><string>SOURCE_ROOT</string></dict><key>000000000000000000000020</key><dict><key>isa</key><string>PBXFileReference</string><key>name</key><string>gcm.c</string><key>path</key><string>../mbedtls212/library/gcm.c</string><key>sourceTree</key><string>SOURCE_ROOT</string></dict><key>000000000000000000000021</key><dict><key>isa</key><string>PBXFileReference</string><key>name</key><string>havege.c</string><key>path</key><string>../mbedtls212/library/havege.c</string><key>sourceTree</key><string>SOURCE_ROOT</string></dict><key>000000000000000000000022</key><dict><key>isa</key><string>PBXFileReference</string><key>name</key><string>hmac_drbg.c</string><key>path</key><string>../mbedtls212/library/hmac_drbg.c</string><key>sourceTree</key><string>SOURCE_ROOT</string></dict><key>000000000000000000000023</key><dict><key>isa</key><string>PBXFileReference</string><key>name</key><string>httpParser.c</string><key>path</key><string>../ioLibrary_Driver/Internet/httpServer/httpParser.c</string><key>sourceTree</key><string>SOURCE_ROOT</string></dict><key>000000000000000000000024</key><dict><key>isa</key><string>PBXFileReference</string><key>name</key><string>httpServer.c</string><key>path</key><string>../ioLibrary_Driver/Internet/httpServer/httpServer.c</string><key>sourceTree</key><string>SOURCE_ROOT</string></dict><key>000000000000000000000025</key><dict><key>isa</key><string>PBXFileReference</string><key>name</key><string>httpUtil.c</string><key>path</key><string>../ioLibrary_Driver/Internet/httpServer/httpUtil.c</string><key>sourceTree</key><string>SOURCE_ROOT</string></dict><key>000000000000000000000026</key><dict><key>isa</key><string>PBXFileReference</string><key>name</key><string>loopback.c</string><key>path</key><string>../ioLibrary_Driver/Application/loopback/loopback.c</string><key>sourceTree</key><string>SOURCE_ROOT</string></dict><key>000000000000000000000027</key><dict><key>isa</key><string>PBXFileReference</string><key>name</key><string>main.c</string><key>path</key><string>../main.c</string><key>sourceTree</key><string>SOURCE_ROOT</string></dict><key>000000000000000000000028</key><dict><key>isa</key><string>PBXFileReference</string><key>name</key><string>md.c</string><key>path</key><string>../mbedtls212/library/md.c</string><key>sourceTree</key><string>SOURCE_ROOT</string></dict><key>000000000000000000000029</key><dict><key>isa</key><string>PBXFileReference</string><key>name</key><string>md2.c</string><key>path</key><string>../mbedtls212/library/md2.c</string><key>sourceTree</key><string>SOURCE_ROOT</string></dict><key>00000000000000000000002a</key><dict><key>isa</key><string>PBXFileReference</string><key>name</key><string>md4.c</string><key>path</key><string>../mbedtls212/library/md4.c</string><key>sourceTree</key><string>SOURCE_ROOT</string></dict><key>00000000000000000000002b</key><dict><key>isa</key><string>PBXFileReference</string><key>name</key><string>md5.c</string><key>path</key><string>../mbedtls212/library/md5.c</string><key>sourceTree</key><string>SOURCE_ROOT</string></dict><key>00000000000000000000002c</key><dict><key>isa</key><string>PBXFileReference</string><key>name</key><string>md_wrap.c</string><key>path</key><string>../mbedtls212/library/md_wrap.c</string><key>sourceTree</key><string>SOURCE_ROOT</string></dict><key>00000000000000000000002d</key><dict><key>isa</key><string>PBXFileReference</string><key>name</key><string>memory_buffer_alloc.c</string><key>path</key><string>../mbedtls212/library/memory_buffer_alloc.c</string><key>sourceTree</key><string>SOURCE_ROOT</string></dict><key>00000000000000000000002e</key><dict><key>isa</key><string>PBXFileReference</string><key>name</key><string>misc.c</string><key>path</key><string>../stm_lib/src/misc.c</string><key>sourceTree</key><string>SOURCE_ROOT</string></dict><key>00000000000000000000002f</key><dict><key>isa</key><string>PBXFileReference</string><key>name</key><string>mynet.c</string><key>path</key><string>../mynet.c</string><key>sourceTree</key><string>SOURCE_ROOT</string></dict><key>000000000000000000000030</key><dict><key>isa</key><string>PBXFileReference</string><key>name</key><string>net.c</string><key>path</key><string>../mbedtls212/library/net.c</string><key>sourceTree</key><string>SOURCE_ROOT</string></dict><key>000000000000000000000031</key><dict><key>isa</key><string>PBXFileReference</string><key>name</key><string>netutil.c</string><key>path</key><string>../ioLibrary_Driver/Internet/TFTP/netutil.c</string><key>sourceTree</key><string>SOURCE_ROOT</string></dict><key>000000000000000000000032</key><dict><key>isa</key><string>PBXFileReference</string><key>name</key><string>oid.c</string><key>path</key><string>../mbedtls212/library/oid.c</string><key>sourceTree</key><string>SOURCE_ROOT</string></dict><key>000000000000000000000033</key><dict><key>isa</key><string>PBXFileReference</string><key>name</key><string>padlock.c</string><key>path</key><string>../mbedtls212/library/padlock.c</string><key>sourceTree</key><string>SOURCE_ROOT</string></dict><key>000000000000000000000034</key><dict><key>isa</key><string>PBXFileReference</string><key>name</key><string>pem.c</string><key>path</key><string>../mbedtls212/library/pem.c</string><key>sourceTree</key><string>SOURCE_ROOT</string></dict><key>000000000000000000000035</key><dict><key>isa</key><string>PBXFileReference</string><key>name</key><string>pk.c</string><key>path</key><string>../mbedtls212/library/pk.c</string><key>sourceTree</key><string>SOURCE_ROOT</string></dict><key>000000000000000000000036</key><dict><key>isa</key><string>PBXFileReference</string><key>name</key><string>pk_wrap.c</string><key>path</key><string>../mbedtls212/library/pk_wrap.c</string><key>sourceTree</key><string>SOURCE_ROOT</string></dict><key>000000000000000000000037</key><dict><key>isa</key><string>PBXFileReference</string><key>name</key><string>pkcs11.c</string><key>path</key><string>../mbedtls212/library/pkcs11.c</string><key>sourceTree</key><string>SOURCE_ROOT</string></dict><key>000000000000000000000038</key><dict><key>isa</key><string>PBXFileReference</string><key>name</key><string>pkcs12.c</string><key>path</key><string>../mbedtls212/library/pkcs12.c</string><key>sourceTree</key><string>SOURCE_ROOT</string></dict><key>000000000000000000000039</key><dict><key>isa</key><string>PBXFileReference</string><key>name</key><string>pkcs5.c</string><key>path</key><string>../mbedtls212/library/pkcs5.c</string><key>sourceTree</key><string>SOURCE_ROOT</string></dict><key>00000000000000000000003a</key><dict><key>isa</key><string>PBXFileReference</string><key>name</key><string>pkparse.c</string><key>path</key><string>../mbedtls212/library/pkparse.c</string><key>sourceTree</key><string>SOURCE_ROOT</string></dict><key>00000000000000000000003b</key><dict><key>isa</key><string>PBXFileReference</string><key>name</key><string>pkwrite.c</string><key>path</key><string>../mbedtls212/library/pkwrite.c</string><key>sourceTree</key><string>SOURCE_ROOT</string></dict><key>00000000000000000000003c</key><dict><key>isa</key><string>PBXFileReference</string><key>name</key><string>platform.c</string><key>path</key><string>../mbedtls212/library/platform.c</string><key>sourceTree</key><string>SOURCE_ROOT</string></dict><key>00000000000000000000003d</key><dict><key>isa</key><string>PBXFileReference</string><key>name</key><string>ripemd160.c</string><key>path</key><string>../mbedtls212/library/ripemd160.c</string><key>sourceTree</key><string>SOURCE_ROOT</string></dict><key>00000000000000000000003e</key><dict><key>isa</key><string>PBXFileReference</string><key>name</key><string>rsa.c</string><key>path</key><string>../mbedtls212/library/rsa.c</string><key>sourceTree</key><string>SOURCE_ROOT</string></dict><key>00000000000000000000003f</key><dict><key>isa</key><string>PBXFileReference</string><key>name</key><string>sha1.c</string><key>path</key><string>../mbedtls212/library/sha1.c</string><key>sourceTree</key><string>SOURCE_ROOT</string></dict><key>000000000000000000000040</key><dict><key>isa</key><string>PBXFileReference</string><key>name</key><string>sha256.c</string><key>path</key><string>../mbedtls212/library/sha256.c</string><key>sourceTree</key><string>SOURCE_ROOT</string></dict><key>000000000000000000000041</key><dict><key>isa</key><string>PBXFileReference</string><key>name</key><string>sha512.c</string><key>path</key><string>../mbedtls212/library/sha512.c</string><key>sourceTree</key><string>SOURCE_ROOT</string></dict><key>000000000000000000000042</key><dict><key>isa</key><string>PBXFileReference</string><key>name</key><string>snmp.c</string><key>path</key><string>../ioLibrary_Driver/Internet/SNMP/snmp.c</string><key>sourceTree</key><string>SOURCE_ROOT</string></dict><key>000000000000000000000043</key><dict><key>isa</key><string>PBXFileReference</string><key>name</key><string>snmp_custom.c</string><key>path</key><string>../ioLibrary_Driver/Internet/SNMP/snmp_custom.c</string><key>sourceTree</key><string>SOURCE_ROOT</string></dict><key>000000000000000000000044</key><dict><key>isa</key><string>PBXFileReference</string><key>name</key><string>sntp.c</string><key>path</key><string>../ioLibrary_Driver/Internet/SNTP/sntp.c</string><key>sourceTree</key><string>SOURCE_ROOT</string></dict><key>000000000000000000000045</key><dict><key>isa</key><string>PBXFileReference</string><key>name</key><string>socket.c</string><key>path</key><string>../ioLibrary_Driver/Ethernet/socket.c</string><key>sourceTree</key><string>SOURCE_ROOT</string></dict><key>000000000000000000000046</key><dict><key>isa</key><string>PBXFileReference</string><key>name</key><string>ssl_cache.c</string><key>path</key><string>../mbedtls212/library/ssl_cache.c</string><key>sourceTree</key><string>SOURCE_ROOT</string></dict><key>000000000000000000000047</key><dict><key>isa</key><string>PBXFileReference</string><key>name</key><string>ssl_ciphersuites.c</string><key>path</key><string>../mbedtls212/library/ssl_ciphersuites.c</string><key>sourceTree</key><string>SOURCE_ROOT</string></dict><key>000000000000000000000048</key><dict><key>isa</key><string>PBXFileReference</string><key>name</key><string>ssl_cli.c</string><key>path</key><string>../mbedtls212/library/ssl_cli.c</string><key>sourceTree</key><string>SOURCE_ROOT</string></dict><key>000000000000000000000049</key><dict><key>isa</key><string>PBXFileReference</string><key>name</key><string>ssl_client.c</string><key>path</key><string>../ssl_client.c</string><key>sourceTree</key><string>SOURCE_ROOT</string></dict><key>00000000000000000000004a</key><dict><key>isa</key><string>PBXFileReference</string><key>name</key><string>ssl_cookie.c</string><key>path</key><string>../mbedtls212/library/ssl_cookie.c</string><key>sourceTree</key><string>SOURCE_ROOT</string></dict><key>00000000000000000000004b</key><dict><key>isa</key><string>PBXFileReference</string><key>name</key><string>ssl_srv.c</string><key>path</key><string>../mbedtls212/library/ssl_srv.c</string><key>sourceTree</key><string>SOURCE_ROOT</string></dict><key>00000000000000000000004c</key><dict><key>isa</key><string>PBXFileReference</string><key>name</key><string>ssl_ticket.c</string><key>path</key><string>../mbedtls212/library/ssl_ticket.c</string><key>sourceTree</key><string>SOURCE_ROOT</string></dict><key>00000000000000000000004d</key><dict><key>isa</key><string>PBXFileReference</string><key>name</key><string>ssl_tls.c</string><key>path</key><string>../mbedtls212/library/ssl_tls.c</string><key>sourceTree</key><string>SOURCE_ROOT</string></dict><key>00000000000000000000004e</key><dict><key>isa</key><string>PBXFileReference</string><key>name</key><string>startup_stm32f10x_hd.c</string><key>path</key><string>../cmsis_boot/startup/startup_stm32f10x_hd.c</string><key>sourceTree</key><string>SOURCE_ROOT</string></dict><key>00000000000000000000004f</key><dict><key>isa</key><string>PBXFileReference</string><key>name</key><string>stm32f10x_adc.c</string><key>path</key><string>../stm_lib/src/stm32f10x_adc.c</string><key>sourceTree</key><string>SOURCE_ROOT</string></dict><key>000000000000000000000050</key><dict><key>isa</key><string>PBXFileReference</string><key>name</key><string>stm32f10x_gpio.c</string><key>path</key><string>../stm_lib/src/stm32f10x_gpio.c</string><key>sourceTree</key><string>SOURCE_ROOT</string></dict><key>000000000000000000000051</key><dict><key>isa</key><string>PBXFileReference</string><key>name</key><string>stm32f10x_i2c.c</string><key>path</key><string>../stm_lib/src/stm32f10x_i2c.c</string><key>sourceTree</key><string>SOURCE_ROOT</string></dict><key>000000000000000000000052</key><dict><key>isa</key><string>PBXFileReference</string><key>name</key><string>stm32f10x_rcc.c</string><key>path</key><string>../stm_lib/src/stm32f10x_rcc.c</string><key>sourceTree</key><string>SOURCE_ROOT</string></dict><key>000000000000000000000053</key><dict><key>isa</key><string>PBXFileReference</string><key>name</key><string>stm32f10x_spi.c</string><key>path</key><string>../stm_lib/src/stm32f10x_spi.c</string><key>sourceTree</key><string>SOURCE_ROOT</string></dict><key>000000000000000000000054</key><dict><key>isa</key><string>PBXFileReference</string><key>name</key><string>stm32f10x_tim.c</string><key>path</key><string>../stm_lib/src/stm32f10x_tim.c</string><key>sourceTree</key><string>SOURCE_ROOT</string></dict><key>000000000000000000000055</key><dict><key>isa</key><string>PBXFileReference</string><key>name</key><string>stm32f10x_usart.c</string><key>path</key><string>../stm_lib/src/stm32f10x_usart.c</string><key>sourceTree</key><string>SOURCE_ROOT</string></dict><key>000000000000000000000056</key><dict><key>isa</key><string>PBXFileReference</string><key>name</key><string>syscalls.c</string><key>path</key><string>../syscalls/syscalls.c</string><key>sourceTree</key><string>SOURCE_ROOT</string></dict><key>000000000000000000000057</key><dict><key>isa</key><string>PBXFileReference</string><key>name</key><string>system_stm32f10x.c</string><key>path</key><string>../cmsis_boot/system_stm32f10x.c</string><key>sourceTree</key><string>SOURCE_ROOT</string></dict><key>000000000000000000000058</key><dict><key>isa</key><string>PBXFileReference</string><key>name</key><string>tftp.c</string><key>path</key><string>../ioLibrary_Driver/Internet/TFTP/tftp.c</string><key>sourceTree</key><string>SOURCE_ROOT</string></dict><key>000000000000000000000059</key><dict><key>isa</key><string>PBXFileReference</string><key>name</key><string>threading.c</string><key>path</key><string>../mbedtls212/library/threading.c</string><key>sourceTree</key><string>SOURCE_ROOT</string></dict><key>00000000000000000000005a</key><dict><key>isa</key><string>PBXFileReference</string><key>name</key><string>timing.c</string><key>path</key><string>../mbedtls212/library/timing.c</string><key>sourceTree</key><string>SOURCE_ROOT</string></dict><key>00000000000000000000005b</key><dict><key>isa</key><string>PBXFileReference</string><key>name</key><string>version.c</string><key>path</key><string>../mbedtls212/library/version.c</string><key>sourceTree</key><string>SOURCE_ROOT</string></dict><key>00000000000000000000005c</key><dict><key>isa</key><string>PBXFileReference</string><key>name</key><string>version_features.c</string><key>path</key><string>../mbedtls212/library/version_features.c</string><key>sourceTree</key><string>SOURCE_ROOT</string></dict><key>00000000000000000000005d</key><dict><key>isa</key><string>PBXFileReference</string><key>name</key><string>w5100.c</string><key>path</key><string>../ioLibrary_Driver/Ethernet/W5100/w5100.c</string><key>sourceTree</key><string>SOURCE_ROOT</string></dict><key>00000000000000000000005e</key><dict><key>isa</key><string>PBXFileReference</string><key>name</key><string>w5200.c</string><key>path</key><string>../ioLibrary_Driver/Ethernet/W5200/w5200.c</string><key>sourceTree</key><string>SOURCE_ROOT</string></dict><key>00000000000000000000005f</key><dict><key>isa</key><string>PBXFileReference</string><key>name</key><string>w5300.c</string><key>path</key><string>../ioLibrary_Driver/Ethernet/W5300/w5300.c</string><key>sourceTree</key><string>SOURCE_ROOT</string></dict><key>000000000000000000000060</key><dict><key>isa</key><string>PBXFileReference</string><key>name</key><string>w5500.c</string><key>path</key><string>../ioLibrary_Driver/Ethernet/W5500/w5500.c</string><key>sourceTree</key><string>SOURCE_ROOT</string></dict><key>000000000000000000000061</key><dict><key>isa</key><string>PBXFileReference</string><key>name</key><string>wizchip_conf.c</string><key>path</key><string>../ioLibrary_Driver/Ethernet/wizchip_conf.c</string><key>sourceTree</key><string>SOURCE_ROOT</string></dict><key>000000000000000000000062</key><dict><key>isa</key><string>PBXFileReference</string><key>name</key><string>x509.c</string><key>path</key><string>../mbedtls212/library/x509.c</string><key>sourceTree</key><string>SOURCE_ROOT</string></dict><key>000000000000000000000063</key><dict><key>isa</key><string>PBXFileReference</string><key>name</key><string>x509_create.c</string><key>path</key><string>../mbedtls212/library/x509_create.c</string><key>sourceTree</key><string>SOURCE_ROOT</string></dict><key>000000000000000000000064</key><dict><key>isa</key><string>PBXFileReference</string><key>name</key><string>x509_crl.c</string><key>path</key><string>../mbedtls212/library/x509_crl.c</string><key>sourceTree</key><string>SOURCE_ROOT</string></dict><key>000000000000000000000065</key><dict><key>isa</key><string>PBXFileReference</string><key>name</key><string>x509_crt.c</string><key>path</key><string>../mbedtls212/library/x509_crt.c</string><key>sourceTree</key><string>SOURCE_ROOT</string></dict><key>000000000000000000000066</key><dict><key>isa</key><string>PBXFileReference</string><key>name</key><string>x509_csr.c</string><key>path</key><string>../mbedtls212/library/x509_csr.c</string><key>sourceTree</key><string>SOURCE_ROOT</string></dict><key>000000000000000000000067</key><dict><key>isa</key><string>PBXFileReference</string><key>name</key><string>x509write_crt.c</string><key>path</key><string>../mbedtls212/library/x509write_crt.c</string><key>sourceTree</key><string>SOURCE_ROOT</string></dict><key>000000000000000000000068</key><dict><key>isa</key><string>PBXFileReference</string><key>name</key><string>x509write_csr.c</string><key>path</key><string>../mbedtls212/library/x509write_csr.c</string><key>sourceTree</key><string>SOURCE_ROOT</string></dict><key>000000000000000000000069</key><dict><key>isa</key><string>PBXFileReference</string><key>name</key><string>xtea.c</string><key>path</key><string>../mbedtls212/library/xtea.c</string><key>sourceTree</key><string>SOURCE_ROOT</string></dict><key>00000000000000000000006a</key><dict><key>children</key><array><string>000000000000000000000000</string><string>000000000000000000000001</string><string>000000000000000000000002</string><string>000000000000000000000003</string><string>000000000000000000000004</string><string>000000000000000000000005</string><string>000000000000000000000006</string><string>000000000000000000000007</string><string>000000000000000000000008</string><string>000000000000000000000009</string><string>00000000000000000000000a</string><string>00000000000000000000000b</string><string>00000000000000000000000c</string><string>00000000000000000000000d</string><string>00000000000000000000000e</string><string>00000000000000000000000f</string><string>000000000000000000000010</string><string>000000000000000000000011</string><string>000000000000000000000012</string><string>000000000000000000000013</string><string>000000000000000000000014</string><string>000000000000000000000015</string><string>000000000000000000000016</string><string>000000000000000000000017</string><string>000000000000000000000018</string><string>000000000000000000000019</string><string>00000000000000000000001a</string><string>00000000000000000000001b</string><string>00000000000000000000001c</string><string>00000000000000000000001d</string><string>00000000000000000000001e</string><string>00000000000000000000001f</string><string>000000000000000000000020</string><string>000000000000000000000021</string><string>000000000000000000000022</string><string>000000000000000000000023</string><string>000000000000000000000024</string><string>000000000000000000000025</string><string>000000000000000000000026</string><string>000000000000000000000027</string><string>000000000000000000000028</string><string>000000000000000000000029</string><string>00000000000000000000002a</string><string>00000000000000000000002b</string><string>00000000000000000000002c</string><string>00000000000000000000002d</string><string>00000000000000000000002e</string><string>00000000000000000000002f</string><string>000000000000000000000030</string><string>000000000000000000000031</string><string>000000000000000000000032</string><string>000000000000000000000033</string><string>000000000000000000000034</string><string>000000000000000000000035</string><string>000000000000000000000036</string><string>000000000000000000000037</string><string>000000000000000000000038</string><string>000000000000000000000039</string><string>00000000000000000000003a</string><string>00000000000000000000003b</string><string>00000000000000000000003c</string><string>00000000000000000000003d</string><string>00000000000000000000003e</string><string>00000000000000000000003f</string><string>000000000000000000000040</string><string>000000000000000000000041</string><string>000000000000000000000042</string><string>000000000000000000000043</string><string>000000000000000000000044</string><string>000000000000000000000045</string><string>000000000000000000000046</string><string>000000000000000000000047</string><string>000000000000000000000048</string><string>000000000000000000000049</string><string>00000000000000000000004a</string><string>00000000000000000000004b</string><string>00000000000000000000004c</string><string>00000000000000000000004d</string><string>00000000000000000000004e</string><string>00000000000000000000004f</string><string>000000000000000000000050</string><string>000000000000000000000051</string><string>000000000000000000000052</string><string>000000000000000000000053</string><string>000000000000000000000054</string><string>000000000000000000000055</string><string>000000000000000000000056</string><string>000000000000000000000057</string><string>000000000000000000000058</string><string>000000000000000000000059</string><string>00000000000000000000005a</string><string>00000000000000000000005b</string><string>00000000000000000000005c</string><string>00000000000000000000005d</string><string>00000000000000000000005e</string><string>00000000000000000000005f</string><string>000000000000000000000060</string><string>000000000000000000000061</string><string>000000000000000000000062</string><string>000000000000000000000063</string><string>000000000000000000000064</string><string>000000000000000000000065</string><string>000000000000000000000066</string><string>000000000000000000000067</string><string>000000000000000000000068</string><string>000000000000000000000069</string></array><key>isa</key><string>PBXGroup</string><key>name</key><string>Source</string><key>sourceTree</key><string>&lt;source&gt;</string></dict><key>00000000000000000000006b</key><dict><key>explicitFileType</key><string>compiled.mach-o.executable</string><key>includeInIndex</key><string>0</string><key>isa</key><string>PBXFileReference</string><key>name</key><string>MbedTLSTest.elf</string><key>path</key><string>../../../MbedTLSTest/Debug/bin/MbedTLSTest.elf</string><key>sourceTree</key><string>BUILD_PRODUCTS_DIR</string></dict><key>00000000000000000000006c</key><dict><key>children</key><array><string>00000000000000000000006b</string></array><key>isa</key><string>PBXGroup</string><key>name</key><string>Products</string><key>sourceTree</key><string>&lt;source&gt;</string></dict><key>00000000000000000000006d</key><dict><key>children</key><array/><key>isa</key><string>PBXGroup</string><key>name</key><string>Documentation</string><key>sourceTree</key><string>&lt;source&gt;</string></dict><key>00000000000000000000006e</key><dict><key>children</key><array><string>00000000000000000000006a</string><string>00000000000000000000006d</string><string>00000000000000000000006c</string></array><key>isa</key><string>PBXGroup</string><key>name</key><string>MbedTLSTest.elf</string><key>sourceTree</key><string>&lt;source&gt;</string></dict><key>00000000000000000000006f</key><dict><key>buildSettings</key><dict><key>GCC_PREPROCESSOR_DEFINITIONS</key><array><string>STM32F103VC</string><string>STM32F10X_HD</string><string>USE_STDPERIPH_DRIVER</string><string>__ASSEMBLY__</string><string>$(inherited)</string></array><key>GCC_WARN_ABOUT_RETURN_TYPE</key><string>YES</string><key>GCC_WARN_UNUSED_VARIABLE</key><string>YES</string><key>HEADER_SEARCH_PATHS</key><array><string>../ioLibrary_Driver/Internet/DHCP</string><string>../ioLibrary_Driver/Application/loopback</string><string>../..</string><string>../ioLibrary_Driver/Application</string><string>../ioLibrary_Driver/Internet/TFTP</string><string>../mbedtls212</string><string>../cmsis_boot</string><string>../ioLibrary_Driver/Ethernet</string><string>..</string><string>../stm_lib/inc</string><string>../ioLibrary_Driver/Internet/FTPServer</string><string>../Board</string><string>../ioLibrary_Driver/Ethernet/W5100</string><string>../ioLibrary_Driver</string><string>../mbedtls212/include</string><string>../mbedtls212/include/mbedtls</string><string>../ioLibrary_Driver/Ethernet/W5500</string><string>../ioLibrary_Driver/Internet/httpServer</string><string>../cmsis</string><string>../../..</string><string>../stm_lib</string><string>../ioLibrary_Driver/Internet/FTPClient</string><string>../ioLibrary_Driver/Internet/SNTP</string><string>../ioLibrary_Driver/Ethernet/W5300</string><string>../ioLibrary_Driver/Internet</string><string>../ioLibrary_Driver/Internet/DNS</string><string>../ioLibrary_Driver/Ethernet/W5200</string><string>../ioLibrary_Driver/Internet/SNMP</string><string>${inherited)</string></array><key>LIBRARY_SEARCH_PATHS</key><array/><key>OTHER_LDFLAGS</key><array/><key>PREBINDING</key><string>NO</string><key>SDKROOT</key><string>/Developer/SDKs/MacOSX10.4u.sdk</string></dict><key>isa</key><string>XCBuildConfiguration</string><key>name</key><string>Debug</string></dict><key>000000000000000000000070</key><dict><key>buildSettings</key><dict><key>GCC_PREPROCESSOR_DEFINITIONS</key><array><string>STM32F103VC</string><string>STM32F10X_HD</string><string>USE_STDPERIPH_DRIVER</string><string>__ASSEMBLY__</string><string>$(inherited)</string></array><key>GCC_WARN_ABOUT_RETURN_TYPE</key><string>YES</string><key>GCC_WARN_UNUSED_VARIABLE</key><string>YES</string><key>HEADER_SEARCH_PATHS</key><array><string>../ioLibrary_Driver/Internet/DHCP</string><string>../ioLibrary_Driver/Application/loopback</string><string>../..</string><string>../ioLibrary_Driver/Application</string><string>../ioLibrary_Driver/Internet/TFTP</string><string>../mbedtls212</string><string>../cmsis_boot</string><string>../ioLibrary_Driver/Ethernet</string><string>..</string><string>../stm_lib/inc</string><string>../ioLibrary_Driver/Internet/FTPServer</string><string>../Board</string><string>../ioLibrary_Driver/Ethernet/W5100</string><string>../ioLibrary_Driver</string><string>../mbedtls212/include</string><string>../mbedtls212/include/mbedtls</string><string>../ioLibrary_Driver/Ethernet/W5500</string><string>../ioLibrary_Driver/Internet/httpServer</string><string>../cmsis</string><string>../../..</string><string>../stm_lib</string><string>../ioLibrary_Driver/Internet/FTPClient</string><string>../ioLibrary_Driver/Internet/SNTP</string><string>../ioLibrary_Driver/Ethernet/W5300</string><string>../ioLibrary_Driver/Internet</string><string>../ioLibrary_Driver/Internet/DNS</string><string>../ioLibrary_Driver/Ethernet/W5200</string><string>../ioLibrary_Driver/Internet/SNMP</string><string>${inherited)</string></array><key>LIBRARY_SEARCH_PATHS</key><array/><key>OTHER_LDFLAGS</key><array/><key>PREBINDING</key><string>NO</string><key>SDKROOT</key><string>/Developer/SDKs/MacOSX10.4u.sdk</string></dict><key>isa</key><string>XCBuildConfiguration</string><key>name</key><string>Release</string></dict><key>000000000000000000000071</key><dict><key>buildConfigurations</key><array><string>00000000000000000000006f</string><string>000000000000000000000070</string></array><key>defaultConfigurationIsVisible</key><string>0</string><key>defaultConfigurationName</key><string>Debug</string><key>isa</key><string>XCConfigurationList</string></dict><key>000000000000000000000072</key><dict><key>buildConfigurationList</key><string>000000000000000000000071</string><key>hasScannedForEncodings</key><string>0</string><key>isa</key><string>PBXProject</string><key>mainGroup</key><string>00000000000000000000006e</string><key>projectDirPath</key><string/><key>projectRoot</key><string>C:/CooCox/CoIDE/configuration/ProgramData/MbedTLSTest</string><key>targets</key><array><string>0000000000000000000000e3</string></array></dict><key>000000000000000000000073</key><dict><key>buildSettings</key><dict><key>COPY_PHASE_STRIP</key><string>NO</string><key>GCC_DYNAMIC_NO_PIC</key><string>NO</string><key>GCC_ENABLE_FIX_AND_CONTINUE</key><string>YES</string><key>GCC_MODEL_TUNING</key><string>G5</string><key>GCC_OPTIMIZATION_LEVEL</key><string>0</string><key>INSTALL_PATH</key><string>$(HOME)/bin</string><key>PRODUCT_NAME</key><string>MbedTLSTest.elf</string><key>ZERO_LINK</key><string>YES</string></dict><key>isa</key><string>XCBuildConfiguration</string><key>name</key><string>Debug</string></dict><key>000000000000000000000074</key><dict><key>buildSettings</key><dict><key>ARCHS</key><array><string>ppc</string><string>i386</string></array><key>GCC_GENERATE_DEBUGGING_SYMBOLS</key><string>NO</string><key>GCC_MODEL_TUNING</key><string>G5</string><key>INSTALL_PATH</key><string>$(HOME)/bin</string><key>PRODUCT_NAME</key><string>MbedTLSTest.elf</string></dict><key>isa</key><string>XCBuildConfiguration</string><key>name</key><string>Release</string></dict><key>000000000000000000000075</key><dict><key>buildConfigurations</key><array><string>000000000000000000000073</string><string>000000000000000000000074</string></array><key>isa</key><string>XCConfigurationList</string></dict><key>000000000000000000000076</key><dict><key>fileRef</key><string>000000000000000000000000</string><key>isa</key><string>PBXBuildFile</string><key>settings</key><dict><key>ATTRIBUTES</key><array/></dict></dict><key>000000000000000000000077</key><dict><key>fileRef</key><string>000000000000000000000001</string><key>isa</key><string>PBXBuildFile</string><key>settings</key><dict><key>ATTRIBUTES</key><array/></dict></dict><key>000000000000000000000078</key><dict><key>fileRef</key><string>000000000000000000000002</string><key>isa</key><string>PBXBuildFile</string><key>settings</key><dict><key>ATTRIBUTES</key><array/></dict></dict><key>000000000000000000000079</key><dict><key>fileRef</key><string>000000000000000000000003</string><key>isa</key><string>PBXBuildFile</string><key>settings</key><dict><key>ATTRIBUTES</key><array/></dict></dict><key>00000000000000000000007a</key><dict><key>fileRef</key><string>000000000000000000000004</string><key>isa</key><string>PBXBuildFile</string><key>settings</key><dict><key>ATTRIBUTES</key><array/></dict></dict><key>00000000000000000000007b</key><dict><key>fileRef</key><string>000000000000000000000005</string><key>isa</key><string>PBXBuildFile</string><key>settings</key><dict><key>ATTRIBUTES</key><array/></dict></dict><key>00000000000000000000007c</key><dict><key>fileRef</key><string>000000000000000000000006</string><key>isa</key><string>PBXBuildFile</string><key>settings</key><dict><key>ATTRIBUTES</key><array/></dict></dict><key>00000000000000000000007d</key><dict><key>fileRef</key><string>000000000000000000000007</string><key>isa</key><string>PBXBuildFile</string><key>settings</key><dict><key>ATTRIBUTES</key><array/></dict></dict><key>00000000000000000000007e</key><dict><key>fileRef</key><string>000000000000000000000008</string><key>isa</key><string>PBXBuildFile</string><key>settings</key><dict><key>ATTRIBUTES</key><array/></dict></dict><key>00000000000000000000007f</key><dict><key>fileRef</key><string>000000000000000000000009</string><key>isa</key><string>PBXBuildFile</string><key>settings</key><dict><key>ATTRIBUTES</key><array/></dict></dict><key>000000000000000000000080</key><dict><key>fileRef</key><string>00000000000000000000000a</string><key>isa</key><string>PBXBuildFile</string><key>settings</key><dict><key>ATTRIBUTES</key><array/></dict></dict><key>000000000000000000000081</key><dict><key>fileRef</key><string>00000000000000000000000b</string><key>isa</key><string>PBXBuildFile</string><key>settings</key><dict><key>ATTRIBUTES</key><array/></dict></dict><key>000000000000000000000082</key><dict><key>fileRef</key><string>00000000000000000000000c</string><key>isa</key><string>PBXBuildFile</string><key>settings</key><dict><key>ATTRIBUTES</key><array/></dict></dict><key>000000000000000000000083</key><dict><key>fileRef</key><string>00000000000000000000000d</string><key>isa</key><string>PBXBuildFile</string><key>settings</key><dict><key>ATTRIBUTES</key><array/></dict></dict><key>000000000000000000000084</key><dict><key>fileRef</key><string>00000000000000000000000e</string><key>isa</key><string>PBXBuildFile</string><key>settings</key><dict><key>ATTRIBUTES</key><array/></dict></dict><key>000000000000000000000085</key><dict><key>fileRef</key><string>00000000000000000000000f</string><key>isa</key><string>PBXBuildFile</string><key>settings</key><dict><key>ATTRIBUTES</key><array/></dict></dict><key>000000000000000000000086</key><dict><key>fileRef</key><string>000000000000000000000010</string><key>isa</key><string>PBXBuildFile</string><key>settings</key><dict><key>ATTRIBUTES</key><array/></dict></dict><key>000000000000000000000087</key><dict><key>fileRef</key><string>000000000000000000000011</string><key>isa</key><string>PBXBuildFile</string><key>settings</key><dict><key>ATTRIBUTES</key><array/></dict></dict><key>000000000000000000000088</key><dict><key>fileRef</key><string>000000000000000000000012</string><key>isa</key><string>PBXBuildFile</string><key>settings</key><dict><key>ATTRIBUTES</key><array/></dict></dict><key>000000000000000000000089</key><dict><key>fileRef</key><string>000000000000000000000013</string><key>isa</key><string>PBXBuildFile</string><key>settings</key><dict><key>ATTRIBUTES</key><array/></dict></dict><key>00000000000000000000008a</key><dict><key>fileRef</key><string>000000000000000000000014</string><key>isa</key><string>PBXBuildFile</string><key>settings</key><dict><key>ATTRIBUTES</key><array/></dict></dict><key>00000000000000000000008b</key><dict><key>fileRef</key><string>000000000000000000000015</string><key>isa</key><string>PBXBuildFile</string><key>settings</key><dict><key>ATTRIBUTES</key><array/></dict></dict><key>00000000000000000000008c</key><dict><key>fileRef</key><string>000000000000000000000016</string><key>isa</key><string>PBXBuildFile</string><key>settings</key><dict><key>ATTRIBUTES</key><array/></dict></dict><key>00000000000000000000008d</key><dict><key>fileRef</key><string>000000000000000000000017</string><key>isa</key><string>PBXBuildFile</string><key>settings</key><dict><key>ATTRIBUTES</key><array/></dict></dict><key>00000000000000000000008e</key><dict><key>fileRef</key><string>000000000000000000000018</string><key>isa</key><string>PBXBuildFile</string><key>settings</key><dict><key>ATTRIBUTES</key><array/></dict></dict><key>00000000000000000000008f</key><dict><key>fileRef</key><string>000000000000000000000019</string><key>isa</key><string>PBXBuildFile</string><key>settings</key><dict><key>ATTRIBUTES</key><array/></dict></dict><key>000000000000000000000090</key><dict><key>fileRef</key><string>00000000000000000000001a</string><key>isa</key><string>PBXBuildFile</string><key>settings</key><dict><key>ATTRIBUTES</key><array/></dict></dict><key>000000000000000000000091</key><dict><key>fileRef</key><string>00000000000000000000001b</string><key>isa</key><string>PBXBuildFile</string><key>settings</key><dict><key>ATTRIBUTES</key><array/></dict></dict><key>000000000000000000000092</key><dict><key>fileRef</key><string>00000000000000000000001c</string><key>isa</key><string>PBXBuildFile</string><key>settings</key><dict><key>ATTRIBUTES</key><array/></dict></dict><key>000000000000000000000093</key><dict><key>fileRef</key><string>00000000000000000000001d</string><key>isa</key><string>PBXBuildFile</string><key>settings</key><dict><key>ATTRIBUTES</key><array/></dict></dict><key>000000000000000000000094</key><dict><key>fileRef</key><string>00000000000000000000001e</string><key>isa</key><string>PBXBuildFile</string><key>settings</key><dict><key>ATTRIBUTES</key><array/></dict></dict><key>000000000000000000000095</key><dict><key>fileRef</key><string>00000000000000000000001f</string><key>isa</key><string>PBXBuildFile</string><key>settings</key><dict><key>ATTRIBUTES</key><array/></dict></dict><key>000000000000000000000096</key><dict><key>fileRef</key><string>000000000000000000000020</string><key>isa</key><string>PBXBuildFile</string><key>settings</key><dict><key>ATTRIBUTES</key><array/></dict></dict><key>000000000000000000000097</key><dict><key>fileRef</key><string>000000000000000000000021</string><key>isa</key><string>PBXBuildFile</string><key>settings</key><dict><key>ATTRIBUTES</key><array/></dict></dict><key>000000000000000000000098</key><dict><key>fileRef</key><string>000000000000000000000022</string><key>isa</key><string>PBXBuildFile</string><key>settings</key><dict><key>ATTRIBUTES</key><array/></dict></dict><key>000000000000000000000099</key><dict><key>fileRef</key><string>000000000000000000000023</string><key>isa</key><string>PBXBuildFile</string><key>settings</key><dict><key>ATTRIBUTES</key><array/></dict></dict><key>00000000000000000000009a</key><dict><key>fileRef</key><string>000000000000000000000024</string><key>isa</key><string>PBXBuildFile</string><key>settings</key><dict><key>ATTRIBUTES</key><array/></dict></dict><key>00000000000000000000009b</key><dict><key>fileRef</key><string>000000000000000000000025</string><key>isa</key><string>PBXBuildFile</string><key>settings</key><dict><key>ATTRIBUTES</key><array/></dict></dict><key>00000000000000000000009c</key><dict><key>fileRef</key><string>000000000000000000000026</string><key>isa</key><string>PBXBuildFile</string><key>settings</key><dict><key>ATTRIBUTES</key><array/></dict></dict><key>00000000000000000000009d</key><dict><key>fileRef</key><string>000000000000000000000027</string><key>isa</key><string>PBXBuildFile</string><key>settings</key><dict><key>ATTRIBUTES</key><array/></dict></dict><key>00000000000000000000009e</key><dict><key>fileRef</key><string>000000000000000000000028</string><key>isa</key><string>PBXBuildFile</string><key>settings</key><dict><key>ATTRIBUTES</key><array/></dict></dict><key>00000000000000000000009f</key><dict><key>fileRef</key><string>000000000000000000000029</string><key>isa</key><string>PBXBuildFile</string><key>settings</key><dict><key>ATTRIBUTES</key><array/></dict></dict><key>0000000000000000000000a0</key><dict><key>fileRef</key><string>00000000000000000000002a</string><key>isa</key><string>PBXBuildFile</string><key>settings</key><dict><key>ATTRIBUTES</key><array/></dict></dict><key>0000000000000000000000a1</key><dict><key>fileRef</key><string>00000000000000000000002b</string><key>isa</key><string>PBXBuildFile</string><key>settings</key><dict><key>ATTRIBUTES</key><array/></dict></dict><key>0000000000000000000000a2</key><dict><key>fileRef</key><string>00000000000000000000002c</string><key>isa</key><string>PBXBuildFile</string><key>settings</key><dict><key>ATTRIBUTES</key><array/></dict></dict><key>0000000000000000000000a3</key><dict><key>fileRef</key><string>00000000000000000000002d</string><key>isa</key><string>PBXBuildFile</string><key>settings</key><dict><key>ATTRIBUTES</key><array/></dict></dict><key>0000000000000000000000a4</key><dict><key>fileRef</key><string>00000000000000000000002e</string><key>isa</key><string>PBXBuildFile</string><key>settings</key><dict><key>ATTRIBUTES</key><array/></dict></dict><key>0000000000000000000000a5</key><dict><key>fileRef</key><string>00000000000000000000002f</string><key>isa</key><string>PBXBuildFile</string><key>settings</key><dict><key>ATTRIBUTES</key><array/></dict></dict><key>0000000000000000000000a6</key><dict><key>fileRef</key><string>000000000000000000000030</string><key>isa</key><string>PBXBuildFile</string><key>settings</key><dict><key>ATTRIBUTES</key><array/></dict></dict><key>0000000000000000000000a7</key><dict><key>fileRef</key><string>000000000000000000000031</string><key>isa</key><string>PBXBuildFile</string><key>settings</key><dict><key>ATTRIBUTES</key><array/></dict></dict><key>0000000000000000000000a8</key><dict><key>fileRef</key><string>000000000000000000000032</string><key>isa</key><string>PBXBuildFile</string><key>settings</key><dict><key>ATTRIBUTES</key><array/></dict></dict><key>0000000000000000000000a9</key><dict><key>fileRef</key><string>000000000000000000000033</string><key>isa</key><string>PBXBuildFile</string><key>settings</key><dict><key>ATTRIBUTES</key><array/></dict></dict><key>0000000000000000000000aa</key><dict><key>fileRef</key><string>000000000000000000000034</string><key>isa</key><string>PBXBuildFile</string><key>settings</key><dict><key>ATTRIBUTES</key><array/></dict></dict><key>0000000000000000000000ab</key><dict><key>fileRef</key><string>000000000000000000000035</string><key>isa</key><string>PBXBuildFile</string><key>settings</key><dict><key>ATTRIBUTES</key><array/></dict></dict><key>0000000000000000000000ac</key><dict><key>fileRef</key><string>000000000000000000000036</string><key>isa</key><string>PBXBuildFile</string><key>settings</key><dict><key>ATTRIBUTES</key><array/></dict></dict><key>0000000000000000000000ad</key><dict><key>fileRef</key><string>000000000000000000000037</string><key>isa</key><string>PBXBuildFile</string><key>settings</key><dict><key>ATTRIBUTES</key><array/></dict></dict><key>0000000000000000000000ae</key><dict><key>fileRef</key><string>000000000000000000000038</string><key>isa</key><string>PBXBuildFile</string><key>settings</key><dict><key>ATTRIBUTES</key><array/></dict></dict><key>0000000000000000000000af</key><dict><key>fileRef</key><string>000000000000000000000039</string><key>isa</key><string>PBXBuildFile</string><key>settings</key><dict><key>ATTRIBUTES</key><array/></dict></dict><key>0000000000000000000000b0</key><dict><key>fileRef</key><string>00000000000000000000003a</string><key>isa</key><string>PBXBuildFile</string><key>settings</key><dict><key>ATTRIBUTES</key><array/></dict></dict><key>0000000000000000000000b1</key><dict><key>fileRef</key><string>00000000000000000000003b</string><key>isa</key><string>PBXBuildFile</string><key>settings</key><dict><key>ATTRIBUTES</key><array/></dict></dict><key>0000000000000000000000b2</key><dict><key>fileRef</key><string>00000000000000000000003c</string><key>isa</key><string>PBXBuildFile</string><key>settings</key><dict><key>ATTRIBUTES</key><array/></dict></dict><key>0000000000000000000000b3</key><dict><key>fileRef</key><string>00000000000000000000003d</string><key>isa</key><string>PBXBuildFile</string><key>settings</key><dict><key>ATTRIBUTES</key><array/></dict></dict><key>0000000000000000000000b4</key><dict><key>fileRef</key><string>00000000000000000000003e</string><key>isa</key><string>PBXBuildFile</string><key>settings</key><dict><key>ATTRIBUTES</key><array/></dict></dict><key>0000000000000000000000b5</key><dict><key>fileRef</key><string>00000000000000000000003f</string><key>isa</key><string>PBXBuildFile</string><key>settings</key><dict><key>ATTRIBUTES</key><array/></dict></dict><key>0000000000000000000000b6</key><dict><key>fileRef</key><string>000000000000000000000040</string><key>isa</key><string>PBXBuildFile</string><key>settings</key><dict><key>ATTRIBUTES</key><array/></dict></dict><key>0000000000000000000000b7</key><dict><key>fileRef</key><string>000000000000000000000041</string><key>isa</key><string>PBXBuildFile</string><key>settings</key><dict><key>ATTRIBUTES</key><array/></dict></dict><key>0000000000000000000000b8</key><dict><key>fileRef</key><string>000000000000000000000042</string><key>isa</key><string>PBXBuildFile</string><key>settings</key><dict><key>ATTRIBUTES</key><array/></dict></dict><key>0000000000000000000000b9</key><dict><key>fileRef</key><string>000000000000000000000043</string><key>isa</key><string>PBXBuildFile</string><key>settings</key><dict><key>ATTRIBUTES</key><array/></dict></dict><key>0000000000000000000000ba</key><dict><key>fileRef</key><string>000000000000000000000044</string><key>isa</key><string>PBXBuildFile</string><key>settings</key><dict><key>ATTRIBUTES</key><array/></dict></dict><key>0000000000000000000000bb</key><dict><key>fileRef</key><string>000000000000000000000045</string><key>isa</key><string>PBXBuildFile</string><key>settings</key><dict><key>ATTRIBUTES</key><array/></dict></dict><key>0000000000000000000000bc</key><dict><key>fileRef</key><string>000000000000000000000046</string><key>isa</key><string>PBXBuildFile</string><key>settings</key><dict><key>ATTRIBUTES</key><array/></dict></dict><key>0000000000000000000000bd</key><dict><key>fileRef</key><string>000000000000000000000047</string><key>isa</key><string>PBXBuildFile</string><key>settings</key><dict><key>ATTRIBUTES</key><array/></dict></dict><key>0000000000000000000000be</key><dict><key>fileRef</key><string>000000000000000000000048</string><key>isa</key><string>PBXBuildFile</string><key>settings</key><dict><key>ATTRIBUTES</key><array/></dict></dict><key>0000000000000000000000bf</key><dict><key>fileRef</key><string>000000000000000000000049</string><key>isa</key><string>PBXBuildFile</string><key>settings</key><dict><key>ATTRIBUTES</key><array/></dict></dict><key>0000000000000000000000c0</key><dict><key>fileRef</key><string>00000000000000000000004a</string><key>isa</key><string>PBXBuildFile</string><key>settings</key><dict><key>ATTRIBUTES</key><array/></dict></dict><key>0000000000000000000000c1</key><dict><key>fileRef</key><string>00000000000000000000004b</string><key>isa</key><string>PBXBuildFile</string><key>settings</key><dict><key>ATTRIBUTES</key><array/></dict></dict><key>0000000000000000000000c2</key><dict><key>fileRef</key><string>00000000000000000000004c</string><key>isa</key><string>PBXBuildFile</string><key>settings</key><dict><key>ATTRIBUTES</key><array/></dict></dict><key>0000000000000000000000c3</key><dict><key>fileRef</key><string>00000000000000000000004d</string><key>isa</key><string>PBXBuildFile</string><key>settings</key><dict><key>ATTRIBUTES</key><array/></dict></dict><key>0000000000000000000000c4</key><dict><key>fileRef</key><string>00000000000000000000004e</string><key>isa</key><string>PBXBuildFile</string><key>settings</key><dict><key>ATTRIBUTES</key><array/></dict></dict><key>0000000000000000000000c5</key><dict><key>fileRef</key><string>00000000000000000000004f</string><key>isa</key><string>PBXBuildFile</string><key>settings</key><dict><key>ATTRIBUTES</key><array/></dict></dict><key>0000000000000000000000c6</key><dict><key>fileRef</key><string>000000000000000000000050</string><key>isa</key><string>PBXBuildFile</string><key>settings</key><dict><key>ATTRIBUTES</key><array/></dict></dict><key>0000000000000000000000c7</key><dict><key>fileRef</key><string>000000000000000000000051</string><key>isa</key><string>PBXBuildFile</string><key>settings</key><dict><key>ATTRIBUTES</key><array/></dict></dict><key>0000000000000000000000c8</key><dict><key>fileRef</key><string>000000000000000000000052</string><key>isa</key><string>PBXBuildFile</string><key>settings</key><dict><key>ATTRIBUTES</key><array/></dict></dict><key>0000000000000000000000c9</key><dict><key>fileRef</key><string>000000000000000000000053</string><key>isa</key><string>PBXBuildFile</string><key>settings</key><dict><key>ATTRIBUTES</key><array/></dict></dict><key>0000000000000000000000ca</key><dict><key>fileRef</key><string>000000000000000000000054</string><key>isa</key><string>PBXBuildFile</string><key>settings</key><dict><key>ATTRIBUTES</key><array/></dict></dict><key>0000000000000000000000cb</key><dict><key>fileRef</key><string>000000000000000000000055</string><key>isa</key><string>PBXBuildFile</string><key>settings</key><dict><key>ATTRIBUTES</key><array/></dict></dict><key>0000000000000000000000cc</key><dict><key>fileRef</key><string>000000000000000000000056</string><key>isa</key><string>PBXBuildFile</string><key>settings</key><dict><key>ATTRIBUTES</key><array/></dict></dict><key>0000000000000000000000cd</key><dict><key>fileRef</key><string>000000000000000000000057</string><key>isa</key><string>PBXBuildFile</string><key>settings</key><dict><key>ATTRIBUTES</key><array/></dict></dict><key>0000000000000000000000ce</key><dict><key>fileRef</key><string>000000000000000000000058</string><key>isa</key><string>PBXBuildFile</string><key>settings</key><dict><key>ATTRIBUTES</key><array/></dict></dict><key>0000000000000000000000cf</key><dict><key>fileRef</key><string>000000000000000000000059</string><key>isa</key><string>PBXBuildFile</string><key>settings</key><dict><key>ATTRIBUTES</key><array/></dict></dict><key>0000000000000000000000d0</key><dict><key>fileRef</key><string>00000000000000000000005a</string><key>isa</key><string>PBXBuildFile</string><key>settings</key><dict><key>ATTRIBUTES</key><array/></dict></dict><key>0000000000000000000000d1</key><dict><key>fileRef</key><string>00000000000000000000005b</string><key>isa</key><string>PBXBuildFile</string><key>settings</key><dict><key>ATTRIBUTES</key><array/></dict></dict><key>0000000000000000000000d2</key><dict><key>fileRef</key><string>00000000000000000000005c</string><key>isa</key><string>PBXBuildFile</string><key>settings</key><dict><key>ATTRIBUTES</key><array/></dict></dict><key>0000000000000000000000d3</key><dict><key>fileRef</key><string>00000000000000000000005d</string><key>isa</key><string>PBXBuildFile</string><key>settings</key><dict><key>ATTRIBUTES</key><array/></dict></dict><key>0000000000000000000000d4</key><dict><key>fileRef</key><string>00000000000000000000005e</string><key>isa</key><string>PBXBuildFile</string><key>settings</key><dict><key>ATTRIBUTES</key><array/></dict></dict><key>0000000000000000000000d5</key><dict><key>fileRef</key><string>00000000000000000000005f</string><key>isa</key><string>PBXBuildFile</string><key>settings</key><dict><key>ATTRIBUTES</key><array/></dict></dict><key>0000000000000000000000d6</key><dict><key>fileRef</key><string>000000000000000000000060</string><key>isa</key><string>PBXBuildFile</string><key>settings</key><dict><key>ATTRIBUTES</key><array/></dict></dict><key>0000000000000000000000d7</key><dict><key>fileRef</key><string>000000000000000000000061</string><key>isa</key><string>PBXBuildFile</string><key>settings</key><dict><key>ATTRIBUTES</key><array/></dict></dict><key>0000000000000000000000d8</key><dict><key>fileRef</key><string>000000000000000000000062</string><key>isa</key><string>PBXBuildFile</string><key>settings</key><dict><key>ATTRIBUTES</key><array/></dict></dict><key>0000000000000000000000d9</key><dict><key>fileRef</key><string>000000000000000000000063</string><key>isa</key><string>PBXBuildFile</string><key>settings</key><dict><key>ATTRIBUTES</key><array/></dict></dict><key>0000000000000000000000da</key><dict><key>fileRef</key><string>000000000000000000000064</string><key>isa</key><string>PBXBuildFile</string><key>settings</key><dict><key>ATTRIBUTES</key><array/></dict></dict><key>0000000000000000000000db</key><dict><key>fileRef</key><string>000000000000000000000065</string><key>isa</key><string>PBXBuildFile</string><key>settings</key><dict><key>ATTRIBUTES</key><array/></dict></dict><key>0000000000000000000000dc</key><dict><key>fileRef</key><string>000000000000000000000066</string><key>isa</key><string>PBXBuildFile</string><key>settings</key><dict><key>ATTRIBUTES</key><array/></dict></dict><key>0000000000000000000000dd</key><dict><key>fileRef</key><string>000000000000000000000067</string><key>isa</key><string>PBXBuildFile</string><key>settings</key><dict><key>ATTRIBUTES</key><array/></dict></dict><key>0000000000000000000000de</key><dict><key>fileRef</key><string>000000000000000000000068</string><key>isa</key><string>PBXBuildFile</string><key>settings</key><dict><key>ATTRIBUTES</key><array/></dict></dict><key>0000000000000000000000df</key><dict><key>fileRef</key><string>000000000000000000000069</string><key>isa</key><string>PBXBuildFile</string><key>settings</key><dict><key>ATTRIBUTES</key><array/></dict></dict><key>0000000000000000000000e0</key><dict><key>buildActionMask</key><string>2147483647</string><key>files</key><array><string>000000000000000000000076</string><string>000000000000000000000077</string><string>000000000000000000000078</string><string>000000000000000000000079</string><string>00000000000000000000007a</string><string>00000000000000000000007b</string><string>00000000000000000000007c</string><string>00000000000000000000007d</string><string>00000000000000000000007e</string><string>00000000000000000000007f</string><string>000000000000000000000080</string><string>000000000000000000000081</string><string>000000000000000000000082</string><string>000000000000000000000083</string><string>000000000000000000000084</string><string>000000000000000000000085</string><string>000000000000000000000086</string><string>000000000000000000000087</string><string>000000000000000000000088</string><string>000000000000000000000089</string><string>00000000000000000000008a</string><string>00000000000000000000008b</string><string>00000000000000000000008c</string><string>00000000000000000000008d</string><string>00000000000000000000008e</string><string>00000000000000000000008f</string><string>000000000000000000000090</string><string>000000000000000000000091</string><string>000000000000000000000092</string><string>000000000000000000000093</string><string>000000000000000000000094</string><string>000000000000000000000095</string><string>000000000000000000000096</string><string>000000000000000000000097</string><string>000000000000000000000098</string><string>000000000000000000000099</string><string>00000000000000000000009a</string><string>00000000000000000000009b</string><string>00000000000000000000009c</string><string>00000000000000000000009d</string><string>00000000000000000000009e</string><string>00000000000000000000009f</string><string>0000000000000000000000a0</string><string>0000000000000000000000a1</string><string>0000000000000000000000a2</string><string>0000000000000000000000a3</string><string>0000000000000000000000a4</string><string>0000000000000000000000a5</string><string>0000000000000000000000a6</string><string>0000000000000000000000a7</string><string>0000000000000000000000a8</string><string>0000000000000000000000a9</string><string>0000000000000000000000aa</string><string>0000000000000000000000ab</string><string>0000000000000000000000ac</string><string>0000000000000000000000ad</string><string>0000000000000000000000ae</string><string>0000000000000000000000af</string><string>0000000000000000000000b0</string><string>0000000000000000000000b1</string><string>0000000000000000000000b2</string><string>0000000000000000000000b3</string><string>0000000000000000000000b4</string><string>0000000000000000000000b5</string><string>0000000000000000000000b6</string><string>0000000000000000000000b7</string><string>0000000000000000000000b8</string><string>0000000000000000000000b9</string><string>0000000000000000000000ba</string><string>0000000000000000000000bb</string><string>0000000000000000000000bc</string><string>0000000000000000000000bd</string><string>0000000000000000000000be</string><string>0000000000000000000000bf</string><string>0000000000000000000000c0</string><string>0000000000000000000000c1</string><string>0000000000000000000000c2</string><string>0000000000000000000000c3</string><string>0000000000000000000000c4</string><string>0000000000000000000000c5</string><string>0000000000000000000000c6</string><string>0000000000000000000000c7</string><string>0000000000000000000000c8</string><string>0000000000000000000000c9</string><string>0000000000000000000000ca</string><string>0000000000000000000000cb</string><string>0000000000000000000000cc</string><string>0000000000000000000000cd</string><string>0000000000000000000000ce</string><string>0000000000000000000000cf</string><string>0000000000000000000000d0</string><string>0000000000000000000000d1</string><string>0000000000000000000000d2</string><string>0000000000000000000000d3</string><string>0000000000000000000000d4</string><string>0000000000000000000000d5</string><string>0000000000000000000000d6</string><string>0000000000000000000000d7</string><string>0000000000000000000000d8</string><string>0000000000000000000000d9</string><string>0000000000000000000000da</string><string>0000000000000000000000db</string><string>0000000000000000000000dc</string><string>0000000000000000000000dd</string><string>0000000000000000000000de</string><string>0000000000000000000000df</string></array><key>isa</key><string>PBXSourcesBuildPhase</string><key>runOnlyForDeploymentPostprocessing</key><string>0</string></dict><key>0000000000000000000000e1</key><dict><key>buildActionMask</key><string>8</string><key>files</key><array/><key>isa</key><string>PBXFrameworksBuildPhase</string><key>runOnlyForDeploymentPostprocessing</key><string>0</string></dict><key>0000000000000000000000e2</key><dict><key>buildActionMask</key><string>8</string><key>dstPath</key><string>/usr/share/man/man1</string><key>dstSubfolderSpec</key><string>0</string><key>files</key><array/><key>isa</key><string>PBXCopyFilesBuildPhase</string><key>runOnlyForDeploymentPostprocessing</key><string>1</string></dict><key>0000000000000000000000e3</key><dict><key>buildConfigurationList</key><string>000000000000000000000075</string><key>buildPhases</key><array><string>0000000000000000000000e0</string><string>0000000000000000000000e1</string><string>0000000000000000000000e2</string></array><key>buildRules</key><array/><key>dependencies</key><array/><key>isa</key><string>PBXNativeTarget</string><key>name</key><string>MbedTLSTest.elf</string><key>productInstallPath</key><string>$(HOME)/bin</string><key>productName</key><string>MbedTLSTest.elf</string><key>productReference</key><string>00000000000000000000006b</string><key>productType</key><string>com.apple.product-type.tool</string></dict></dict><key>rootObject</key><string>000000000000000000000072</string></dict></plist>